
Microsoft Visual Studio Solution File, Format Version 12.00
# Visual Studio 15
VisualStudioVersion = 15.0.28307.489
MinimumVisualStudioVersion = 10.0.40219.1
Project("{FAE04EC0-301F-11D3-BF4B-00C04F79EFBC}") = "HongTou.AdminApi", "HongTou.AdminApi\HongTou.AdminApi.csproj", "{8B062F5E-5A7A-47B0-B4AB-65ED3D28CE5E}"
EndProject
Global
	GlobalSection(SolutionConfigurationPlatforms) = preSolution
		Debug|Any CPU = Debug|Any CPU
		Release|Any CPU = Release|Any CPU
	EndGlobalSection
	GlobalSection(ProjectConfigurationPlatforms) = postSolution
		{8B062F5E-5A7A-47B0-B4AB-65ED3D28CE5E}.Debug|Any CPU.ActiveCfg = Debug|Any CPU
		{8B062F5E-5A7A-47B0-B4AB-65ED3D28CE5E}.Debug|Any CPU.Build.0 = Debug|Any CPU
		{8B062F5E-5A7A-47B0-B4AB-65ED3D28CE5E}.Release|Any CPU.ActiveCfg = Release|Any CPU
		{8B062F5E-5A7A-47B0-B4AB-65ED3D28CE5E}.Release|Any CPU.Build.0 = Release|Any CPU
	EndGlobalSection
	GlobalSection(SolutionProperties) = preSolution
		HideSolutionNode = FALSE
	EndGlobalSection
	GlobalSection(ExtensibilityGlobals) = postSolution
		SolutionGuid = {884E101D-916A-4D11-8E4C-8223BC66E5AB}
	EndGlobalSection
EndGlobal
