
Microsoft Visual Studio Solution File, Format Version 12.00
# Visual Studio 15
VisualStudioVersion = 15.0.28307.489
MinimumVisualStudioVersion = 10.0.40219.1
Project("{9A19103F-16F7-4668-BE54-9A1E7A4F7556}") = "HT.Web", "HT.Web\HT.Web.csproj", "{A599814E-FE43-4214-B751-B15490237BAB}"
EndProject
Project("{2150E333-8FDC-42A3-9474-1A3956D46DE8}") = "WsLibrary", "WsLibrary", "{E4FC7DDE-B8A8-4538-9554-0B92286657C7}"
EndProject
Project("{9A19103F-16F7-4668-BE54-9A1E7A4F7556}") = "Ws.Middleware", "Ws.Middleware\Ws.Middleware.csproj", "{65D57BCF-A0F1-4FF0-A560-1812DD0E6A81}"
EndProject
Project("{9A19103F-16F7-4668-BE54-9A1E7A4F7556}") = "Ws.Exceptions", "Ws.Exceptions\Ws.Exceptions.csproj", "{B5B201F8-DDA0-49A6-8745-3405660E040D}"
EndProject
Project("{9A19103F-16F7-4668-BE54-9A1E7A4F7556}") = "Ws.CommonWeb", "Ws.CommonWeb\Ws.CommonWeb.csproj", "{A33E1A69-3F46-4B72-8318-8621CD955167}"
EndProject
Project("{9A19103F-16F7-4668-BE54-9A1E7A4F7556}") = "HT.EFCode", "HT.EFCode\HT.EFCode.csproj", "{087A40B6-F22E-4A9A-A281-3C646477B628}"
EndProject
Project("{9A19103F-16F7-4668-BE54-9A1E7A4F7556}") = "HT.Repositorys", "HT.Repositorys\HT.Repositorys.csproj", "{573A2716-CA06-45F0-8FB7-7DC59FD4603A}"
EndProject
Project("{FAE04EC0-301F-11D3-BF4B-00C04F79EFBC}") = "HT.Services", "HT.Services\HT.Services.csproj", "{25DF2F45-9A05-4E37-8B9B-7D9B64EDC956}"
EndProject
Global
	GlobalSection(SolutionConfigurationPlatforms) = preSolution
		Debug|Any CPU = Debug|Any CPU
		Release|Any CPU = Release|Any CPU
	EndGlobalSection
	GlobalSection(ProjectConfigurationPlatforms) = postSolution
		{A599814E-FE43-4214-B751-B15490237BAB}.Debug|Any CPU.ActiveCfg = Debug|Any CPU
		{A599814E-FE43-4214-B751-B15490237BAB}.Debug|Any CPU.Build.0 = Debug|Any CPU
		{A599814E-FE43-4214-B751-B15490237BAB}.Release|Any CPU.ActiveCfg = Release|Any CPU
		{A599814E-FE43-4214-B751-B15490237BAB}.Release|Any CPU.Build.0 = Release|Any CPU
		{65D57BCF-A0F1-4FF0-A560-1812DD0E6A81}.Debug|Any CPU.ActiveCfg = Debug|Any CPU
		{65D57BCF-A0F1-4FF0-A560-1812DD0E6A81}.Debug|Any CPU.Build.0 = Debug|Any CPU
		{65D57BCF-A0F1-4FF0-A560-1812DD0E6A81}.Release|Any CPU.ActiveCfg = Release|Any CPU
		{65D57BCF-A0F1-4FF0-A560-1812DD0E6A81}.Release|Any CPU.Build.0 = Release|Any CPU
		{B5B201F8-DDA0-49A6-8745-3405660E040D}.Debug|Any CPU.ActiveCfg = Debug|Any CPU
		{B5B201F8-DDA0-49A6-8745-3405660E040D}.Debug|Any CPU.Build.0 = Debug|Any CPU
		{B5B201F8-DDA0-49A6-8745-3405660E040D}.Release|Any CPU.ActiveCfg = Release|Any CPU
		{B5B201F8-DDA0-49A6-8745-3405660E040D}.Release|Any CPU.Build.0 = Release|Any CPU
		{A33E1A69-3F46-4B72-8318-8621CD955167}.Debug|Any CPU.ActiveCfg = Debug|Any CPU
		{A33E1A69-3F46-4B72-8318-8621CD955167}.Debug|Any CPU.Build.0 = Debug|Any CPU
		{A33E1A69-3F46-4B72-8318-8621CD955167}.Release|Any CPU.ActiveCfg = Release|Any CPU
		{A33E1A69-3F46-4B72-8318-8621CD955167}.Release|Any CPU.Build.0 = Release|Any CPU
		{087A40B6-F22E-4A9A-A281-3C646477B628}.Debug|Any CPU.ActiveCfg = Debug|Any CPU
		{087A40B6-F22E-4A9A-A281-3C646477B628}.Debug|Any CPU.Build.0 = Debug|Any CPU
		{087A40B6-F22E-4A9A-A281-3C646477B628}.Release|Any CPU.ActiveCfg = Release|Any CPU
		{087A40B6-F22E-4A9A-A281-3C646477B628}.Release|Any CPU.Build.0 = Release|Any CPU
		{573A2716-CA06-45F0-8FB7-7DC59FD4603A}.Debug|Any CPU.ActiveCfg = Debug|Any CPU
		{573A2716-CA06-45F0-8FB7-7DC59FD4603A}.Debug|Any CPU.Build.0 = Debug|Any CPU
		{573A2716-CA06-45F0-8FB7-7DC59FD4603A}.Release|Any CPU.ActiveCfg = Release|Any CPU
		{573A2716-CA06-45F0-8FB7-7DC59FD4603A}.Release|Any CPU.Build.0 = Release|Any CPU
		{25DF2F45-9A05-4E37-8B9B-7D9B64EDC956}.Debug|Any CPU.ActiveCfg = Debug|Any CPU
		{25DF2F45-9A05-4E37-8B9B-7D9B64EDC956}.Debug|Any CPU.Build.0 = Debug|Any CPU
		{25DF2F45-9A05-4E37-8B9B-7D9B64EDC956}.Release|Any CPU.ActiveCfg = Release|Any CPU
		{25DF2F45-9A05-4E37-8B9B-7D9B64EDC956}.Release|Any CPU.Build.0 = Release|Any CPU
	EndGlobalSection
	GlobalSection(SolutionProperties) = preSolution
		HideSolutionNode = FALSE
	EndGlobalSection
	GlobalSection(NestedProjects) = preSolution
		{65D57BCF-A0F1-4FF0-A560-1812DD0E6A81} = {E4FC7DDE-B8A8-4538-9554-0B92286657C7}
		{B5B201F8-DDA0-49A6-8745-3405660E040D} = {E4FC7DDE-B8A8-4538-9554-0B92286657C7}
		{A33E1A69-3F46-4B72-8318-8621CD955167} = {E4FC7DDE-B8A8-4538-9554-0B92286657C7}
	EndGlobalSection
	GlobalSection(ExtensibilityGlobals) = postSolution
		SolutionGuid = {2B2348EC-6814-43E2-A06D-DED2F70D6263}
	EndGlobalSection
EndGlobal
